
Microsoft Visual Studio Solution File, Format Version 12.00
# Visual Studio 15
VisualStudioVersion = 15.0.28010.2041
MinimumVisualStudioVersion = 10.0.40219.1
Project("{FAE04EC0-301F-11D3-BF4B-00C04F79EFBC}") = "SolarCalendarRulesRegEx", "SolarCalendarRulesRegEx\SolarCalendarRulesRegEx.csproj", "{F709DC71-F2A6-4574-BB25-AE3CF45C83FC}"
EndProject
Global
	GlobalSection(SolutionConfigurationPlatforms) = preSolution
		Debug|Any CPU = Debug|Any CPU
		Release|Any CPU = Release|Any CPU
	EndGlobalSection
	GlobalSection(ProjectConfigurationPlatforms) = postSolution
		{F709DC71-F2A6-4574-BB25-AE3CF45C83FC}.Debug|Any CPU.ActiveCfg = Debug|Any CPU
		{F709DC71-F2A6-4574-BB25-AE3CF45C83FC}.Debug|Any CPU.Build.0 = Debug|Any CPU
		{F709DC71-F2A6-4574-BB25-AE3CF45C83FC}.Release|Any CPU.ActiveCfg = Release|Any CPU
		{F709DC71-F2A6-4574-BB25-AE3CF45C83FC}.Release|Any CPU.Build.0 = Release|Any CPU
	EndGlobalSection
	GlobalSection(SolutionProperties) = preSolution
		HideSolutionNode = FALSE
	EndGlobalSection
	GlobalSection(ExtensibilityGlobals) = postSolution
		SolutionGuid = {CBD8D52C-E911-469B-AF44-D43D7013991D}
	EndGlobalSection
EndGlobal
